
Microsoft Visual Studio Solution File, Format Version 12.00
# Visual Studio Version 17
VisualStudioVersion = 17.7.34024.191
MinimumVisualStudioVersion = 10.0.40219.1
Project("{FAE04EC0-301F-11D3-BF4B-00C04F79EFBC}") = "ContactManager", "ContactManager.csproj", "{96191A53-FE67-4B90-BCB7-B2AD57DA6AC2}"
EndProject
Project("{FAE04EC0-301F-11D3-BF4B-00C04F79EFBC}") = "ContactManager.Tests", "..\ContactManager.Tests\ContactManager.Tests.csproj", "{AD723315-9A3B-4FEA-B9D0-6741F7D43700}"
EndProject
Global
	GlobalSection(SolutionConfigurationPlatforms) = preSolution
		Debug|Any CPU = Debug|Any CPU
		Release|Any CPU = Release|Any CPU
	EndGlobalSection
	GlobalSection(ProjectConfigurationPlatforms) = postSolution
		{96191A53-FE67-4B90-BCB7-B2AD57DA6AC2}.Debug|Any CPU.ActiveCfg = Debug|Any CPU
		{96191A53-FE67-4B90-BCB7-B2AD57DA6AC2}.Debug|Any CPU.Build.0 = Debug|Any CPU
		{96191A53-FE67-4B90-BCB7-B2AD57DA6AC2}.Release|Any CPU.ActiveCfg = Release|Any CPU
		{96191A53-FE67-4B90-BCB7-B2AD57DA6AC2}.Release|Any CPU.Build.0 = Release|Any CPU
		{AD723315-9A3B-4FEA-B9D0-6741F7D43700}.Debug|Any CPU.ActiveCfg = Debug|Any CPU
		{AD723315-9A3B-4FEA-B9D0-6741F7D43700}.Debug|Any CPU.Build.0 = Debug|Any CPU
		{AD723315-9A3B-4FEA-B9D0-6741F7D43700}.Release|Any CPU.ActiveCfg = Release|Any CPU
		{AD723315-9A3B-4FEA-B9D0-6741F7D43700}.Release|Any CPU.Build.0 = Release|Any CPU
	EndGlobalSection
	GlobalSection(SolutionProperties) = preSolution
		HideSolutionNode = FALSE
	EndGlobalSection
	GlobalSection(ExtensibilityGlobals) = postSolution
		SolutionGuid = {0D040576-A738-4EF8-B17C-E51DBD266C60}
	EndGlobalSection
EndGlobal
